
Microsoft Visual Studio Solution File, Format Version 12.00
# Visual Studio Version 17
VisualStudioVersion = 17.3.32819.101
MinimumVisualStudioVersion = 10.0.40219.1
Project("{FAE04EC0-301F-11D3-BF4B-00C04F79EFBC}") = "MonitoringNetCore", "MonitoringNetCore.csproj", "{71ADE6E7-10B2-44D9-99E2-A8A24287DB4A}"
EndProject
Project("{2150E333-8FDC-42A3-9474-1A3956D46DE8}") = "Solution Items", "Solution Items", "{78C1501A-19C1-45BA-AA27-BDDB2B8F0486}"
	ProjectSection(SolutionItems) = preProject
		docker-compose.yml = docker-compose.yml
	EndProjectSection
EndProject
Global
	GlobalSection(SolutionConfigurationPlatforms) = preSolution
		Debug|Any CPU = Debug|Any CPU
		Release|Any CPU = Release|Any CPU
	EndGlobalSection
	GlobalSection(ProjectConfigurationPlatforms) = postSolution
		{71ADE6E7-10B2-44D9-99E2-A8A24287DB4A}.Debug|Any CPU.ActiveCfg = Debug|Any CPU
		{71ADE6E7-10B2-44D9-99E2-A8A24287DB4A}.Debug|Any CPU.Build.0 = Debug|Any CPU
		{71ADE6E7-10B2-44D9-99E2-A8A24287DB4A}.Release|Any CPU.ActiveCfg = Release|Any CPU
		{71ADE6E7-10B2-44D9-99E2-A8A24287DB4A}.Release|Any CPU.Build.0 = Release|Any CPU
	EndGlobalSection
	GlobalSection(SolutionProperties) = preSolution
		HideSolutionNode = FALSE
	EndGlobalSection
	GlobalSection(ExtensibilityGlobals) = postSolution
		SolutionGuid = {2490BDFD-942B-4312-B317-604A5419205A}
	EndGlobalSection
EndGlobal
